
Microsoft Visual Studio Solution File, Format Version 11.00
# Visual Studio 2010
Project("{FAE04EC0-301F-11D3-BF4B-00C04F79EFBC}") = "Assembly-CSharp", "Assembly-CSharp.csproj", "{5DF211C4-7020-8815-2321-6FB850835FB3}"
EndProject
Project("{FAE04EC0-301F-11D3-BF4B-00C04F79EFBC}") = "Assembly-CSharp-firstpass", "Assembly-CSharp-firstpass.csproj", "{B7ED3B3E-9CBB-412B-8E04-4FDCF902C1E5}"
EndProject
Project("{FAE04EC0-301F-11D3-BF4B-00C04F79EFBC}") = "Assembly-CSharp-Editor-firstpass", "Assembly-CSharp-Editor-firstpass.csproj", "{A049611B-0822-4177-6986-FF03FF734E38}"
EndProject
Project("{FAE04EC0-301F-11D3-BF4B-00C04F79EFBC}") = "Assembly-CSharp-Editor", "Assembly-CSharp-Editor.csproj", "{97FE9925-9E85-6ED6-A724-24EE66C9117F}"
EndProject
Global
	GlobalSection(SolutionConfigurationPlatforms) = preSolution
		Debug|Any CPU = Debug|Any CPU
		Release|Any CPU = Release|Any CPU
	EndGlobalSection
	GlobalSection(ProjectConfigurationPlatforms) = postSolution
		{5DF211C4-7020-8815-2321-6FB850835FB3}.Debug|Any CPU.ActiveCfg = Debug|Any CPU
		{5DF211C4-7020-8815-2321-6FB850835FB3}.Debug|Any CPU.Build.0 = Debug|Any CPU
		{5DF211C4-7020-8815-2321-6FB850835FB3}.Release|Any CPU.ActiveCfg = Release|Any CPU
		{5DF211C4-7020-8815-2321-6FB850835FB3}.Release|Any CPU.Build.0 = Release|Any CPU
		{B7ED3B3E-9CBB-412B-8E04-4FDCF902C1E5}.Debug|Any CPU.ActiveCfg = Debug|Any CPU
		{B7ED3B3E-9CBB-412B-8E04-4FDCF902C1E5}.Debug|Any CPU.Build.0 = Debug|Any CPU
		{B7ED3B3E-9CBB-412B-8E04-4FDCF902C1E5}.Release|Any CPU.ActiveCfg = Release|Any CPU
		{B7ED3B3E-9CBB-412B-8E04-4FDCF902C1E5}.Release|Any CPU.Build.0 = Release|Any CPU
		{A049611B-0822-4177-6986-FF03FF734E38}.Debug|Any CPU.ActiveCfg = Debug|Any CPU
		{A049611B-0822-4177-6986-FF03FF734E38}.Debug|Any CPU.Build.0 = Debug|Any CPU
		{A049611B-0822-4177-6986-FF03FF734E38}.Release|Any CPU.ActiveCfg = Release|Any CPU
		{A049611B-0822-4177-6986-FF03FF734E38}.Release|Any CPU.Build.0 = Release|Any CPU
		{97FE9925-9E85-6ED6-A724-24EE66C9117F}.Debug|Any CPU.ActiveCfg = Debug|Any CPU
		{97FE9925-9E85-6ED6-A724-24EE66C9117F}.Debug|Any CPU.Build.0 = Debug|Any CPU
		{97FE9925-9E85-6ED6-A724-24EE66C9117F}.Release|Any CPU.ActiveCfg = Release|Any CPU
		{97FE9925-9E85-6ED6-A724-24EE66C9117F}.Release|Any CPU.Build.0 = Release|Any CPU
	EndGlobalSection
	GlobalSection(SolutionProperties) = preSolution
		HideSolutionNode = FALSE
	EndGlobalSection
	GlobalSection(MonoDevelopProperties) = preSolution
		StartupItem = Assembly-CSharp.csproj
	EndGlobalSection
EndGlobal
